
Microsoft Visual Studio Solution File, Format Version 12.00
# Visual Studio Version 16
VisualStudioVersion = 16.0.31205.134
MinimumVisualStudioVersion = 10.0.40219.1
Project("{9A19103F-16F7-4668-BE54-9A1E7A4F7556}") = "BLLC", "BLLC\BLLC.csproj", "{180147DD-474E-4395-AFAB-75707289A0D7}"
EndProject
Project("{9A19103F-16F7-4668-BE54-9A1E7A4F7556}") = "ClientConsole", "ClientConsole\ClientConsole.csproj", "{AB8A0DFB-E775-4C82-B32D-5AA14578D14C}"
EndProject
Project("{9A19103F-16F7-4668-BE54-9A1E7A4F7556}") = "BO", "..\BO\BO.csproj", "{06FD84A9-3293-4A8D-A585-B0207B3CE1E9}"
EndProject
Project("{FAE04EC0-301F-11D3-BF4B-00C04F79EFBC}") = "ClientDesktop", "ClientDesktop\ClientDesktop.csproj", "{23D3CD83-45D2-4710-A81A-A0EC85F95C68}"
EndProject
Global
	GlobalSection(SolutionConfigurationPlatforms) = preSolution
		Debug|Any CPU = Debug|Any CPU
		Release|Any CPU = Release|Any CPU
	EndGlobalSection
	GlobalSection(ProjectConfigurationPlatforms) = postSolution
		{180147DD-474E-4395-AFAB-75707289A0D7}.Debug|Any CPU.ActiveCfg = Debug|Any CPU
		{180147DD-474E-4395-AFAB-75707289A0D7}.Debug|Any CPU.Build.0 = Debug|Any CPU
		{180147DD-474E-4395-AFAB-75707289A0D7}.Release|Any CPU.ActiveCfg = Release|Any CPU
		{180147DD-474E-4395-AFAB-75707289A0D7}.Release|Any CPU.Build.0 = Release|Any CPU
		{AB8A0DFB-E775-4C82-B32D-5AA14578D14C}.Debug|Any CPU.ActiveCfg = Debug|Any CPU
		{AB8A0DFB-E775-4C82-B32D-5AA14578D14C}.Debug|Any CPU.Build.0 = Debug|Any CPU
		{AB8A0DFB-E775-4C82-B32D-5AA14578D14C}.Release|Any CPU.ActiveCfg = Release|Any CPU
		{AB8A0DFB-E775-4C82-B32D-5AA14578D14C}.Release|Any CPU.Build.0 = Release|Any CPU
		{06FD84A9-3293-4A8D-A585-B0207B3CE1E9}.Debug|Any CPU.ActiveCfg = Debug|Any CPU
		{06FD84A9-3293-4A8D-A585-B0207B3CE1E9}.Debug|Any CPU.Build.0 = Debug|Any CPU
		{06FD84A9-3293-4A8D-A585-B0207B3CE1E9}.Release|Any CPU.ActiveCfg = Release|Any CPU
		{06FD84A9-3293-4A8D-A585-B0207B3CE1E9}.Release|Any CPU.Build.0 = Release|Any CPU
		{23D3CD83-45D2-4710-A81A-A0EC85F95C68}.Debug|Any CPU.ActiveCfg = Debug|Any CPU
		{23D3CD83-45D2-4710-A81A-A0EC85F95C68}.Debug|Any CPU.Build.0 = Debug|Any CPU
		{23D3CD83-45D2-4710-A81A-A0EC85F95C68}.Release|Any CPU.ActiveCfg = Release|Any CPU
		{23D3CD83-45D2-4710-A81A-A0EC85F95C68}.Release|Any CPU.Build.0 = Release|Any CPU
	EndGlobalSection
	GlobalSection(SolutionProperties) = preSolution
		HideSolutionNode = FALSE
	EndGlobalSection
	GlobalSection(ExtensibilityGlobals) = postSolution
		SolutionGuid = {2D8C0935-FF6B-4B52-A80C-2DC926C3AD29}
	EndGlobalSection
EndGlobal
